{
  "name": "bot",
  "lockfileVersion": 2,
  "requires": true,
  "packages": {
    "": {
      "dependencies": {
        "node-vk-bot-api": "^3.5.0"
      }
    },
    "node_modules/axios": {
      "version": "0.21.4",
      "resolved": "https://registry.npmjs.org/axios/-/axios-0.21.4.tgz",
      "integrity": "sha512-ut5vewkiu8jjGBdqpM44XxjuCjq9LAKeHVmoVfHVzy8eHgxxq8SbAVQNovDA8mVi05kP0Ea/n/UzcSHcTJQfNg==",
      "dependencies": {
        "follow-redirects": "^1.14.0"
      }
    },
    "node_modules/follow-redirects": {
      "version": "1.15.2",
      "resolved": "https://registry.npmjs.org/follow-redirects/-/follow-redirects-1.15.2.tgz",
      "integrity": "sha512-VQLG33o04KaQ8uYi2tVNbdrWp1QWxNNea+nmIB4EVM28v0hmP17z7aG1+wAkNzVq4KeXTq3221ye5qTJP91JwA==",
      "funding": [
        {
          "type": "individual",
          "url": "https://github.com/sponsors/RubenVerborgh"
        }
      ],
      "engines": {
        "node": ">=4.0"
      },
      "peerDependenciesMeta": {
        "debug": {
          "optional": true
        }
      }
    },
    "node_modules/node-vk-bot-api": {
      "version": "3.5.0",
      "resolved": "https://registry.npmjs.org/node-vk-bot-api/-/node-vk-bot-api-3.5.0.tgz",
      "integrity": "sha512-hrDdmQmVP+YdxMs0dom+80m9RUDUGkt+CIsKJoBPTYol3seLchUvJ9MGh9qYHIsyo0e2IuXK9BpoCVRgwAavBA==",
      "dependencies": {
        "axios": "^0.21.1"
      },
      "engines": {
        "node": ">=8.0.0"
      }
    }
  },
  "dependencies": {
    "axios": {
      "version": "0.21.4",
      "resolved": "https://registry.npmjs.org/axios/-/axios-0.21.4.tgz",
      "integrity": "sha512-ut5vewkiu8jjGBdqpM44XxjuCjq9LAKeHVmoVfHVzy8eHgxxq8SbAVQNovDA8mVi05kP0Ea/n/UzcSHcTJQfNg==",
      "requires": {
        "follow-redirects": "^1.14.0"
      }
    },
    "follow-redirects": {
      "version": "1.15.2",
      "resolved": "https://registry.npmjs.org/follow-redirects/-/follow-redirects-1.15.2.tgz",
      "integrity": "sha512-VQLG33o04KaQ8uYi2tVNbdrWp1QWxNNea+nmIB4EVM28v0hmP17z7aG1+wAkNzVq4KeXTq3221ye5qTJP91JwA=="
    },
    "node-vk-bot-api": {
      "version": "3.5.0",
      "resolved": "https://registry.npmjs.org/node-vk-bot-api/-/node-vk-bot-api-3.5.0.tgz",
      "integrity": "sha512-hrDdmQmVP+YdxMs0dom+80m9RUDUGkt+CIsKJoBPTYol3seLchUvJ9MGh9qYHIsyo0e2IuXK9BpoCVRgwAavBA==",
      "requires": {
        "axios": "^0.21.1"
      }
    }
  }
}
